
Microsoft Visual Studio Solution File, Format Version 12.00
# Visual Studio Version 17
VisualStudioVersion = 17.5.33424.131
MinimumVisualStudioVersion = 10.0.40219.1
Project("{9A19103F-16F7-4668-BE54-9A1E7A4F7556}") = "BlogSharp2023.MVC", "BlogSharp2023.MVC\BlogSharp2023.MVC.csproj", "{C2D327EE-61CA-4FBF-B1AB-1101BBD83378}"
EndProject
Project("{9A19103F-16F7-4668-BE54-9A1E7A4F7556}") = "BlogSharp2023.DAL", "BlogSharp2023.DAL\BlogSharp2023.DAL.csproj", "{5D039016-8ACE-4832-9486-7B8937D364A8}"
EndProject
Project("{FAE04EC0-301F-11D3-BF4B-00C04F79EFBC}") = "BlogSharp2023.API", "BlogSharp2023.API\BlogSharp2023.API.csproj", "{EF3D5E94-E83A-4939-A89A-1206266F7DF9}"
EndProject
Project("{FAE04EC0-301F-11D3-BF4B-00C04F79EFBC}") = "BlogSharp2023.APICLIENT", "BlogSharp2023.APICLIENT\BlogSharp2023.APICLIENT.csproj", "{5CCB9A32-7DCA-49FB-BB5D-A25812D3BD58}"
EndProject
Global
	GlobalSection(SolutionConfigurationPlatforms) = preSolution
		Debug|Any CPU = Debug|Any CPU
		Release|Any CPU = Release|Any CPU
	EndGlobalSection
	GlobalSection(ProjectConfigurationPlatforms) = postSolution
		{C2D327EE-61CA-4FBF-B1AB-1101BBD83378}.Debug|Any CPU.ActiveCfg = Debug|Any CPU
		{C2D327EE-61CA-4FBF-B1AB-1101BBD83378}.Debug|Any CPU.Build.0 = Debug|Any CPU
		{C2D327EE-61CA-4FBF-B1AB-1101BBD83378}.Release|Any CPU.ActiveCfg = Release|Any CPU
		{C2D327EE-61CA-4FBF-B1AB-1101BBD83378}.Release|Any CPU.Build.0 = Release|Any CPU
		{5D039016-8ACE-4832-9486-7B8937D364A8}.Debug|Any CPU.ActiveCfg = Debug|Any CPU
		{5D039016-8ACE-4832-9486-7B8937D364A8}.Debug|Any CPU.Build.0 = Debug|Any CPU
		{5D039016-8ACE-4832-9486-7B8937D364A8}.Release|Any CPU.ActiveCfg = Release|Any CPU
		{5D039016-8ACE-4832-9486-7B8937D364A8}.Release|Any CPU.Build.0 = Release|Any CPU
		{EF3D5E94-E83A-4939-A89A-1206266F7DF9}.Debug|Any CPU.ActiveCfg = Debug|Any CPU
		{EF3D5E94-E83A-4939-A89A-1206266F7DF9}.Debug|Any CPU.Build.0 = Debug|Any CPU
		{EF3D5E94-E83A-4939-A89A-1206266F7DF9}.Release|Any CPU.ActiveCfg = Release|Any CPU
		{EF3D5E94-E83A-4939-A89A-1206266F7DF9}.Release|Any CPU.Build.0 = Release|Any CPU
		{5CCB9A32-7DCA-49FB-BB5D-A25812D3BD58}.Debug|Any CPU.ActiveCfg = Debug|Any CPU
		{5CCB9A32-7DCA-49FB-BB5D-A25812D3BD58}.Debug|Any CPU.Build.0 = Debug|Any CPU
		{5CCB9A32-7DCA-49FB-BB5D-A25812D3BD58}.Release|Any CPU.ActiveCfg = Release|Any CPU
		{5CCB9A32-7DCA-49FB-BB5D-A25812D3BD58}.Release|Any CPU.Build.0 = Release|Any CPU
	EndGlobalSection
	GlobalSection(SolutionProperties) = preSolution
		HideSolutionNode = FALSE
	EndGlobalSection
	GlobalSection(ExtensibilityGlobals) = postSolution
		SolutionGuid = {94E60EE7-FD59-481E-AB3D-7A0844C52A67}
	EndGlobalSection
EndGlobal
